
Microsoft Visual Studio Solution File, Format Version 12.00
# Visual Studio Version 17
VisualStudioVersion = 17.5.002.0
MinimumVisualStudioVersion = 10.0.40219.1
Project("{9A19103F-16F7-4668-BE54-9A1E7A4F7556}") = "ProjectEulerCsharp", "ProjectEulerCsharp.csproj", "{67D1CB93-87B3-4653-8562-67A19464B617}"
EndProject
Global
	GlobalSection(SolutionConfigurationPlatforms) = preSolution
		Debug|Any CPU = Debug|Any CPU
		Release|Any CPU = Release|Any CPU
	EndGlobalSection
	GlobalSection(ProjectConfigurationPlatforms) = postSolution
		{67D1CB93-87B3-4653-8562-67A19464B617}.Debug|Any CPU.ActiveCfg = Debug|Any CPU
		{67D1CB93-87B3-4653-8562-67A19464B617}.Debug|Any CPU.Build.0 = Debug|Any CPU
		{67D1CB93-87B3-4653-8562-67A19464B617}.Release|Any CPU.ActiveCfg = Release|Any CPU
		{67D1CB93-87B3-4653-8562-67A19464B617}.Release|Any CPU.Build.0 = Release|Any CPU
	EndGlobalSection
	GlobalSection(SolutionProperties) = preSolution
		HideSolutionNode = FALSE
	EndGlobalSection
	GlobalSection(ExtensibilityGlobals) = postSolution
		SolutionGuid = {90945197-A317-40A6-94D5-138E898CC9EE}
	EndGlobalSection
EndGlobal
